// !$*UTF8*$!
{
	archiveVersion = 1;
	classes = {
	};
	objectVersion = 77;
	objects = {

/* Begin PBXContainerItemProxy section */
		040FBDB42DDAC6F200B1884D /* PBXContainerItemProxy */ = {
			isa = PBXContainerItemProxy;
			containerPortal = 040FBD9C2DDAC6F100B1884D /* Project object */;
			proxyType = 1;
			remoteGlobalIDString = 040FBDA32DDAC6F100B1884D;
			remoteInfo = BombDuel;
		};
		040FBDBE2DDAC6F200B1884D /* PBXContainerItemProxy */ = {
			isa = PBXContainerItemProxy;
			containerPortal = 040FBD9C2DDAC6F100B1884D /* Project object */;
			proxyType = 1;
			remoteGlobalIDString = 040FBDA32DDAC6F100B1884D;
			remoteInfo = BombDuel;
		};
/* End PBXContainerItemProxy section */

/* Begin PBXFileReference section */
		040FBDA42DDAC6F100B1884D /* BombDuel.app */ = {isa = PBXFileReference; explicitFileType = wrapper.application; includeInIndex = 0; path = BombDuel.app; sourceTree = BUILT_PRODUCTS_DIR; };
		040FBDB32DDAC6F200B1884D /* BombDuelTests.xctest */ = {isa = PBXFileReference; explicitFileType = wrapper.cfbundle; includeInIndex = 0; path = BombDuelTests.xctest; sourceTree = BUILT_PRODUCTS_DIR; };
		040FBDBD2DDAC6F200B1884D /* BombDuelUITests.xctest */ = {isa = PBXFileReference; explicitFileType = wrapper.cfbundle; includeInIndex = 0; path = BombDuelUITests.xctest; sourceTree = BUILT_PRODUCTS_DIR; };
/* End PBXFileReference section */

/* Begin PBXFileSystemSynchronizedBuildFileExceptionSet section */
		0479E7932DDD536F00F1716B /* Exceptions for "BombDuel" folder in "BombDuelTests" target */ = {
			isa = PBXFileSystemSynchronizedBuildFileExceptionSet;
			membershipExceptions = (
				ARCADECLASSIC.ttf,
			);
			target = 040FBDB22DDAC6F200B1884D /* BombDuelTests */;
		};
		0479E7942DDD536F00F1716B /* Exceptions for "BombDuel" folder in "BombDuelUITests" target */ = {
			isa = PBXFileSystemSynchronizedBuildFileExceptionSet;
			membershipExceptions = (
				ARCADECLASSIC.ttf,
			);
			target = 040FBDBC2DDAC6F200B1884D /* BombDuelUITests */;
		};
		0479E7962DDD53D800F1716B /* Exceptions for "BombDuel" folder in "BombDuel" target */ = {
			isa = PBXFileSystemSynchronizedBuildFileExceptionSet;
			membershipExceptions = (
				Info.plist,
			);
			target = 040FBDA32DDAC6F100B1884D /* BombDuel */;
		};
/* End PBXFileSystemSynchronizedBuildFileExceptionSet section */

/* Begin PBXFileSystemSynchronizedRootGroup section */
		040FBDA62DDAC6F100B1884D /* BombDuel */ = {
			isa = PBXFileSystemSynchronizedRootGroup;
			exceptions = (
				0479E7962DDD53D800F1716B /* Exceptions for "BombDuel" folder in "BombDuel" target */,
				0479E7932DDD536F00F1716B /* Exceptions for "BombDuel" folder in "BombDuelTests" target */,
				0479E7942DDD536F00F1716B /* Exceptions for "BombDuel" folder in "BombDuelUITests" target */,
			);
			path = BombDuel;
			sourceTree = "<group>";
		};
		040FBDB62DDAC6F200B1884D /* BombDuelTests */ = {
			isa = PBXFileSystemSynchronizedRootGroup;
			path = BombDuelTests;
			sourceTree = "<group>";
		};
		040FBDC02DDAC6F200B1884D /* BombDuelUITests */ = {
			isa = PBXFileSystemSynchronizedRootGroup;
			path = BombDuelUITests;
			sourceTree = "<group>";
		};
/* End PBXFileSystemSynchronizedRootGroup section */

/* Begin PBXFrameworksBuildPhase section */
		040FBDA12DDAC6F100B1884D /* Frameworks */ = {
			isa = PBXFrameworksBuildPhase;
			buildActionMask = 2147483647;
			files = (
			);
			runOnlyForDeploymentPostprocessing = 0;
		};
		040FBDB02DDAC6F200B1884D /* Frameworks */ = {
			isa = PBXFrameworksBuildPhase;
			buildActionMask = 2147483647;
			files = (
			);
			runOnlyForDeploymentPostprocessing = 0;
		};
		040FBDBA2DDAC6F200B1884D /* Frameworks */ = {
			isa = PBXFrameworksBuildPhase;
			buildActionMask = 2147483647;
			files = (
			);
			runOnlyForDeploymentPostprocessing = 0;
		};
/* End PBXFrameworksBuildPhase section */

/* Begin PBXGroup section */
		040FBD9B2DDAC6F100B1884D = {
			isa = PBXGroup;
			children = (
				040FBDA62DDAC6F100B1884D /* BombDuel */,
				040FBDB62DDAC6F200B1884D /* BombDuelTests */,
				040FBDC02DDAC6F200B1884D /* BombDuelUITests */,
				040FBDA52DDAC6F100B1884D /* Products */,
			);
			sourceTree = "<group>";
		};
		040FBDA52DDAC6F100B1884D /* Products */ = {
			isa = PBXGroup;
			children = (
				040FBDA42DDAC6F100B1884D /* BombDuel.app */,
				040FBDB32DDAC6F200B1884D /* BombDuelTests.xctest */,
				040FBDBD2DDAC6F200B1884D /* BombDuelUITests.xctest */,
			);
			name = Products;
			sourceTree = "<group>";
		};
/* End PBXGroup section */

/* Begin PBXNativeTarget section */
		040FBDA32DDAC6F100B1884D /* BombDuel */ = {
			isa = PBXNativeTarget;
			buildConfigurationList = 040FBDC72DDAC6F200B1884D /* Build configuration list for PBXNativeTarget "BombDuel" */;
			buildPhases = (
				040FBDA02DDAC6F100B1884D /* Sources */,
				040FBDA12DDAC6F100B1884D /* Frameworks */,
				040FBDA22DDAC6F100B1884D /* Resources */,
			);
			buildRules = (
			);
			dependencies = (
			);
			fileSystemSynchronizedGroups = (
				040FBDA62DDAC6F100B1884D /* BombDuel */,
			);
			name = BombDuel;
			packageProductDependencies = (
			);
			productName = BombDuel;
			productReference = 040FBDA42DDAC6F100B1884D /* BombDuel.app */;
			productType = "com.apple.product-type.application";
		};
		040FBDB22DDAC6F200B1884D /* BombDuelTests */ = {
			isa = PBXNativeTarget;
			buildConfigurationList = 040FBDCA2DDAC6F200B1884D /* Build configuration list for PBXNativeTarget "BombDuelTests" */;
			buildPhases = (
				040FBDAF2DDAC6F200B1884D /* Sources */,
				040FBDB02DDAC6F200B1884D /* Frameworks */,
				040FBDB12DDAC6F200B1884D /* Resources */,
			);
			buildRules = (
			);
			dependencies = (
				040FBDB52DDAC6F200B1884D /* PBXTargetDependency */,
			);
			fileSystemSynchronizedGroups = (
				040FBDB62DDAC6F200B1884D /* BombDuelTests */,
			);
			name = BombDuelTests;
			packageProductDependencies = (
			);
			productName = BombDuelTests;
			productReference = 040FBDB32DDAC6F200B1884D /* BombDuelTests.xctest */;
			productType = "com.apple.product-type.bundle.unit-test";
		};
		040FBDBC2DDAC6F200B1884D /* BombDuelUITests */ = {
			isa = PBXNativeTarget;
			buildConfigurationList = 040FBDCD2DDAC6F200B1884D /* Build configuration list for PBXNativeTarget "BombDuelUITests" */;
			buildPhases = (
				040FBDB92DDAC6F200B1884D /* Sources */,
				040FBDBA2DDAC6F200B1884D /* Frameworks */,
				040FBDBB2DDAC6F200B1884D /* Resources */,
			);
			buildRules = (
			);
			dependencies = (
				040FBDBF2DDAC6F200B1884D /* PBXTargetDependency */,
			);
			fileSystemSynchronizedGroups = (
				040FBDC02DDAC6F200B1884D /* BombDuelUITests */,
			);
			name = BombDuelUITests;
			packageProductDependencies = (
			);
			productName = BombDuelUITests;
			productReference = 040FBDBD2DDAC6F200B1884D /* BombDuelUITests.xctest */;
			productType = "com.apple.product-type.bundle.ui-testing";
		};
/* End PBXNativeTarget section */

/* Begin PBXProject section */
		040FBD9C2DDAC6F100B1884D /* Project object */ = {
			isa = PBXProject;
			attributes = {
				BuildIndependentTargetsInParallel = 1;
				LastSwiftUpdateCheck = 1630;
				LastUpgradeCheck = 1630;
				TargetAttributes = {
					040FBDA32DDAC6F100B1884D = {
						CreatedOnToolsVersion = 16.3;
					};
					040FBDB22DDAC6F200B1884D = {
						CreatedOnToolsVersion = 16.3;
						TestTargetID = 040FBDA32DDAC6F100B1884D;
					};
					040FBDBC2DDAC6F200B1884D = {
						CreatedOnToolsVersion = 16.3;
						TestTargetID = 040FBDA32DDAC6F100B1884D;
					};
				};
			};
			buildConfigurationList = 040FBD9F2DDAC6F100B1884D /* Build configuration list for PBXProject "BombDuel" */;
			developmentRegion = en;
			hasScannedForEncodings = 0;
			knownRegions = (
				en,
				Base,
			);
			mainGroup = 040FBD9B2DDAC6F100B1884D;
			minimizedProjectReferenceProxies = 1;
			preferredProjectObjectVersion = 77;
			productRefGroup = 040FBDA52DDAC6F100B1884D /* Products */;
			projectDirPath = "";
			projectRoot = "";
			targets = (
				040FBDA32DDAC6F100B1884D /* BombDuel */,
				040FBDB22DDAC6F200B1884D /* BombDuelTests */,
				040FBDBC2DDAC6F200B1884D /* BombDuelUITests */,
			);
		};
/* End PBXProject section */

/* Begin PBXResourcesBuildPhase section */
		040FBDA22DDAC6F100B1884D /* Resources */ = {
			isa = PBXResourcesBuildPhase;
			buildActionMask = 2147483647;
			files = (
			);
			runOnlyForDeploymentPostprocessing = 0;
		};
		040FBDB12DDAC6F200B1884D /* Resources */ = {
			isa = PBXResourcesBuildPhase;
			buildActionMask = 2147483647;
			files = (
			);
			runOnlyForDeploymentPostprocessing = 0;
		};
		040FBDBB2DDAC6F200B1884D /* Resources */ = {
			isa = PBXResourcesBuildPhase;
			buildActionMask = 2147483647;
			files = (
			);
			runOnlyForDeploymentPostprocessing = 0;
		};
/* End PBXResourcesBuildPhase section */

/* Begin PBXSourcesBuildPhase section */
		040FBDA02DDAC6F100B1884D /* Sources */ = {
			isa = PBXSourcesBuildPhase;
			buildActionMask = 2147483647;
			files = (
			);
			runOnlyForDeploymentPostprocessing = 0;
		};
		040FBDAF2DDAC6F200B1884D /* Sources */ = {
			isa = PBXSourcesBuildPhase;
			buildActionMask = 2147483647;
			files = (
			);
			runOnlyForDeploymentPostprocessing = 0;
		};
		040FBDB92DDAC6F200B1884D /* Sources */ = {
			isa = PBXSourcesBuildPhase;
			buildActionMask = 2147483647;
			files = (
			);
			runOnlyForDeploymentPostprocessing = 0;
		};
/* End PBXSourcesBuildPhase section */

/* Begin PBXTargetDependency section */
		040FBDB52DDAC6F200B1884D /* PBXTargetDependency */ = {
			isa = PBXTargetDependency;
			target = 040FBDA32DDAC6F100B1884D /* BombDuel */;
			targetProxy = 040FBDB42DDAC6F200B1884D /* PBXContainerItemProxy */;
		};
		040FBDBF2DDAC6F200B1884D /* PBXTargetDependency */ = {
			isa = PBXTargetDependency;
			target = 040FBDA32DDAC6F100B1884D /* BombDuel */;
			targetProxy = 040FBDBE2DDAC6F200B1884D /* PBXContainerItemProxy */;
		};
/* End PBXTargetDependency section */

/* Begin XCBuildConfiguration section */
		040FBDC52DDAC6F200B1884D /* Debug */ = {
			isa = XCBuildConfiguration;
			buildSettings = {
				ALWAYS_SEARCH_USER_PATHS = NO;
				ASSETCATALOG_COMPILER_GENERATE_SWIFT_ASSET_SYMBOL_EXTENSIONS = YES;
				CLANG_ANALYZER_NONNULL = YES;
				CLANG_ANALYZER_NUMBER_OBJECT_CONVERSION = YES_AGGRESSIVE;
				CLANG_CXX_LANGUAGE_STANDARD = "gnu++20";
				CLANG_ENABLE_MODULES = YES;
				CLANG_ENABLE_OBJC_ARC = YES;
				CLANG_ENABLE_OBJC_WEAK = YES;
				CLANG_WARN_BLOCK_CAPTURE_AUTORELEASING = YES;
				CLANG_WARN_BOOL_CONVERSION = YES;
				CLANG_WARN_COMMA = YES;
				CLANG_WARN_CONSTANT_CONVERSION = YES;
				CLANG_WARN_DEPRECATED_OBJC_IMPLEMENTATIONS = YES;
				CLANG_WARN_DIRECT_OBJC_ISA_USAGE = YES_ERROR;
				CLANG_WARN_DOCUMENTATION_COMMENTS = YES;
				CLANG_WARN_EMPTY_BODY = YES;
				CLANG_WARN_ENUM_CONVERSION = YES;
				CLANG_WARN_INFINITE_RECURSION = YES;
				CLANG_WARN_INT_CONVERSION = YES;
				CLANG_WARN_NON_LITERAL_NULL_CONVERSION = YES;
				CLANG_WARN_OBJC_IMPLICIT_RETAIN_SELF = YES;
				CLANG_WARN_OBJC_LITERAL_CONVERSION = YES;
				CLANG_WARN_OBJC_ROOT_CLASS = YES_ERROR;
				CLANG_WARN_QUOTED_INCLUDE_IN_FRAMEWORK_HEADER = YES;
				CLANG_WARN_RANGE_LOOP_ANALYSIS = YES;
				CLANG_WARN_STRICT_PROTOTYPES = YES;
				CLANG_WARN_SUSPICIOUS_MOVE = YES;
				CLANG_WARN_UNGUARDED_AVAILABILITY = YES_AGGRESSIVE;
				CLANG_WARN_UNREACHABLE_CODE = YES;
				CLANG_WARN__DUPLICATE_METHOD_MATCH = YES;
				COPY_PHASE_STRIP = NO;
				DEBUG_INFORMATION_FORMAT = dwarf;
				DEVELOPMENT_TEAM = 98Y6GRMSNC;
				ENABLE_STRICT_OBJC_MSGSEND = YES;
				ENABLE_TESTABILITY = YES;
				ENABLE_USER_SCRIPT_SANDBOXING = YES;
				GCC_C_LANGUAGE_STANDARD = gnu17;
				GCC_DYNAMIC_NO_PIC = NO;
				GCC_NO_COMMON_BLOCKS = YES;
				GCC_OPTIMIZATION_LEVEL = 0;
				GCC_PREPROCESSOR_DEFINITIONS = (
					"DEBUG=1",
					"$(inherited)",
				);
				GCC_WARN_64_TO_32_BIT_CONVERSION = YES;
				GCC_WARN_ABOUT_RETURN_TYPE = YES_ERROR;
				GCC_WARN_UNDECLARED_SELECTOR = YES;
				GCC_WARN_UNINITIALIZED_AUTOS = YES_AGGRESSIVE;
				GCC_WARN_UNUSED_FUNCTION = YES;
				GCC_WARN_UNUSED_VARIABLE = YES;
				IPHONEOS_DEPLOYMENT_TARGET = 18.4;
				LOCALIZATION_PREFERS_STRING_CATALOGS = YES;
				MTL_ENABLE_DEBUG_INFO = INCLUDE_SOURCE;
				MTL_FAST_MATH = YES;
				ONLY_ACTIVE_ARCH = YES;
				SDKROOT = iphoneos;
				SWIFT_ACTIVE_COMPILATION_CONDITIONS = "DEBUG $(inherited)";
				SWIFT_OPTIMIZATION_LEVEL = "-Onone";
			};
			name = Debug;
		};
		040FBDC62DDAC6F200B1884D /* Release */ = {
			isa = XCBuildConfiguration;
			buildSettings = {
				ALWAYS_SEARCH_USER_PATHS = NO;
				ASSETCATALOG_COMPILER_GENERATE_SWIFT_ASSET_SYMBOL_EXTENSIONS = YES;
				CLANG_ANALYZER_NONNULL = YES;
				CLANG_ANALYZER_NUMBER_OBJECT_CONVERSION = YES_AGGRESSIVE;
				CLANG_CXX_LANGUAGE_STANDARD = "gnu++20";
				CLANG_ENABLE_MODULES = YES;
				CLANG_ENABLE_OBJC_ARC = YES;
				CLANG_ENABLE_OBJC_WEAK = YES;
				CLANG_WARN_BLOCK_CAPTURE_AUTORELEASING = YES;
				CLANG_WARN_BOOL_CONVERSION = YES;
				CLANG_WARN_COMMA = YES;
				CLANG_WARN_CONSTANT_CONVERSION = YES;
				CLANG_WARN_DEPRECATED_OBJC_IMPLEMENTATIONS = YES;
				CLANG_WARN_DIRECT_OBJC_ISA_USAGE = YES_ERROR;
				CLANG_WARN_DOCUMENTATION_COMMENTS = YES;
				CLANG_WARN_EMPTY_BODY = YES;
				CLANG_WARN_ENUM_CONVERSION = YES;
				CLANG_WARN_INFINITE_RECURSION = YES;
				CLANG_WARN_INT_CONVERSION = YES;
				CLANG_WARN_NON_LITERAL_NULL_CONVERSION = YES;
				CLANG_WARN_OBJC_IMPLICIT_RETAIN_SELF = YES;
				CLANG_WARN_OBJC_LITERAL_CONVERSION = YES;
				CLANG_WARN_OBJC_ROOT_CLASS = YES_ERROR;
				CLANG_WARN_QUOTED_INCLUDE_IN_FRAMEWORK_HEADER = YES;
				CLANG_WARN_RANGE_LOOP_ANALYSIS = YES;
				CLANG_WARN_STRICT_PROTOTYPES = YES;
				CLANG_WARN_SUSPICIOUS_MOVE = YES;
				CLANG_WARN_UNGUARDED_AVAILABILITY = YES_AGGRESSIVE;
				CLANG_WARN_UNREACHABLE_CODE = YES;
				CLANG_WARN__DUPLICATE_METHOD_MATCH = YES;
				COPY_PHASE_STRIP = NO;
				DEBUG_INFORMATION_FORMAT = "dwarf-with-dsym";
				DEVELOPMENT_TEAM = 98Y6GRMSNC;
				ENABLE_NS_ASSERTIONS = NO;
				ENABLE_STRICT_OBJC_MSGSEND = YES;
				ENABLE_USER_SCRIPT_SANDBOXING = YES;
				GCC_C_LANGUAGE_STANDARD = gnu17;
				GCC_NO_COMMON_BLOCKS = YES;
				GCC_WARN_64_TO_32_BIT_CONVERSION = YES;
				GCC_WARN_ABOUT_RETURN_TYPE = YES_ERROR;
				GCC_WARN_UNDECLARED_SELECTOR = YES;
				GCC_WARN_UNINITIALIZED_AUTOS = YES_AGGRESSIVE;
				GCC_WARN_UNUSED_FUNCTION = YES;
				GCC_WARN_UNUSED_VARIABLE = YES;
				IPHONEOS_DEPLOYMENT_TARGET = 18.4;
				LOCALIZATION_PREFERS_STRING_CATALOGS = YES;
				MTL_ENABLE_DEBUG_INFO = NO;
				MTL_FAST_MATH = YES;
				SDKROOT = iphoneos;
				SWIFT_COMPILATION_MODE = wholemodule;
				VALIDATE_PRODUCT = YES;
			};
			name = Release;
		};
		040FBDC82DDAC6F200B1884D /* Debug */ = {
			isa = XCBuildConfiguration;
			buildSettings = {
				ASSETCATALOG_COMPILER_APPICON_NAME = AppIcon;
				ASSETCATALOG_COMPILER_GLOBAL_ACCENT_COLOR_NAME = AccentColor;
				CODE_SIGN_STYLE = Automatic;
				CURRENT_PROJECT_VERSION = 1;
				DEVELOPMENT_TEAM = 98Y6GRMSNC;
				ENABLE_PREVIEWS = YES;
				GENERATE_INFOPLIST_FILE = YES;
				INFOPLIST_FILE = BombDuel/Info.plist;
				INFOPLIST_KEY_UIApplicationSceneManifest_Generation = YES;
				INFOPLIST_KEY_UIApplicationSupportsIndirectInputEvents = YES;
				INFOPLIST_KEY_UILaunchScreen_Generation = YES;
				INFOPLIST_KEY_UISupportedInterfaceOrientations_iPad = "UIInterfaceOrientationPortrait UIInterfaceOrientationPortraitUpsideDown UIInterfaceOrientationLandscapeLeft UIInterfaceOrientationLandscapeRight";
				INFOPLIST_KEY_UISupportedInterfaceOrientations_iPhone = "UIInterfaceOrientationPortrait UIInterfaceOrientationLandscapeLeft UIInterfaceOrientationLandscapeRight";
				LD_RUNPATH_SEARCH_PATHS = (
					"$(inherited)",
					"@executable_path/Frameworks",
				);
				MARKETING_VERSION = 1.0;
				PRODUCT_BUNDLE_IDENTIFIER = kemas.BombDuel;
				PRODUCT_NAME = "$(TARGET_NAME)";
				SWIFT_EMIT_LOC_STRINGS = YES;
				SWIFT_VERSION = 5.0;
				TARGETED_DEVICE_FAMILY = "1,2";
			};
			name = Debug;
		};
		040FBDC92DDAC6F200B1884D /* Release */ = {
			isa = XCBuildConfiguration;
			buildSettings = {
				ASSETCATALOG_COMPILER_APPICON_NAME = AppIcon;
				ASSETCATALOG_COMPILER_GLOBAL_ACCENT_COLOR_NAME = AccentColor;
				CODE_SIGN_STYLE = Automatic;
				CURRENT_PROJECT_VERSION = 1;
				DEVELOPMENT_TEAM = 98Y6GRMSNC;
				ENABLE_PREVIEWS = YES;
				GENERATE_INFOPLIST_FILE = YES;
				INFOPLIST_FILE = BombDuel/Info.plist;
				INFOPLIST_KEY_UIApplicationSceneManifest_Generation = YES;
				INFOPLIST_KEY_UIApplicationSupportsIndirectInputEvents = YES;
				INFOPLIST_KEY_UILaunchScreen_Generation = YES;
				INFOPLIST_KEY_UISupportedInterfaceOrientations_iPad = "UIInterfaceOrientationPortrait UIInterfaceOrientationPortraitUpsideDown UIInterfaceOrientationLandscapeLeft UIInterfaceOrientationLandscapeRight";
				INFOPLIST_KEY_UISupportedInterfaceOrientations_iPhone = "UIInterfaceOrientationPortrait UIInterfaceOrientationLandscapeLeft UIInterfaceOrientationLandscapeRight";
				LD_RUNPATH_SEARCH_PATHS = (
					"$(inherited)",
					"@executable_path/Frameworks",
				);
				MARKETING_VERSION = 1.0;
				PRODUCT_BUNDLE_IDENTIFIER = kemas.BombDuel;
				PRODUCT_NAME = "$(TARGET_NAME)";
				SWIFT_EMIT_LOC_STRINGS = YES;
				SWIFT_VERSION = 5.0;
				TARGETED_DEVICE_FAMILY = "1,2";
			};
			name = Release;
		};
		040FBDCB2DDAC6F200B1884D /* Debug */ = {
			isa = XCBuildConfiguration;
			buildSettings = {
				BUNDLE_LOADER = "$(TEST_HOST)";
				CODE_SIGN_STYLE = Automatic;
				CURRENT_PROJECT_VERSION = 1;
				DEVELOPMENT_TEAM = 98Y6GRMSNC;
				GENERATE_INFOPLIST_FILE = YES;
				IPHONEOS_DEPLOYMENT_TARGET = 18.4;
				MARKETING_VERSION = 1.0;
				PRODUCT_BUNDLE_IDENTIFIER = kemas.BombDuelTests;
				PRODUCT_NAME = "$(TARGET_NAME)";
				SWIFT_EMIT_LOC_STRINGS = NO;
				SWIFT_VERSION = 5.0;
				TARGETED_DEVICE_FAMILY = "1,2";
				TEST_HOST = "$(BUILT_PRODUCTS_DIR)/BombDuel.app/$(BUNDLE_EXECUTABLE_FOLDER_PATH)/BombDuel";
			};
			name = Debug;
		};
		040FBDCC2DDAC6F200B1884D /* Release */ = {
			isa = XCBuildConfiguration;
			buildSettings = {
				BUNDLE_LOADER = "$(TEST_HOST)";
				CODE_SIGN_STYLE = Automatic;
				CURRENT_PROJECT_VERSION = 1;
				DEVELOPMENT_TEAM = 98Y6GRMSNC;
				GENERATE_INFOPLIST_FILE = YES;
				IPHONEOS_DEPLOYMENT_TARGET = 18.4;
				MARKETING_VERSION = 1.0;
				PRODUCT_BUNDLE_IDENTIFIER = kemas.BombDuelTests;
				PRODUCT_NAME = "$(TARGET_NAME)";
				SWIFT_EMIT_LOC_STRINGS = NO;
				SWIFT_VERSION = 5.0;
				TARGETED_DEVICE_FAMILY = "1,2";
				TEST_HOST = "$(BUILT_PRODUCTS_DIR)/BombDuel.app/$(BUNDLE_EXECUTABLE_FOLDER_PATH)/BombDuel";
			};
			name = Release;
		};
		040FBDCE2DDAC6F200B1884D /* Debug */ = {
			isa = XCBuildConfiguration;
			buildSettings = {
				CODE_SIGN_STYLE = Automatic;
				CURRENT_PROJECT_VERSION = 1;
				DEVELOPMENT_TEAM = 98Y6GRMSNC;
				GENERATE_INFOPLIST_FILE = YES;
				MARKETING_VERSION = 1.0;
				PRODUCT_BUNDLE_IDENTIFIER = kemas.BombDuelUITests;
				PRODUCT_NAME = "$(TARGET_NAME)";
				SWIFT_EMIT_LOC_STRINGS = NO;
				SWIFT_VERSION = 5.0;
				TARGETED_DEVICE_FAMILY = "1,2";
				TEST_TARGET_NAME = BombDuel;
			};
			name = Debug;
		};
		040FBDCF2DDAC6F200B1884D /* Release */ = {
			isa = XCBuildConfiguration;
			buildSettings = {
				CODE_SIGN_STYLE = Automatic;
				CURRENT_PROJECT_VERSION = 1;
				DEVELOPMENT_TEAM = 98Y6GRMSNC;
				GENERATE_INFOPLIST_FILE = YES;
				MARKETING_VERSION = 1.0;
				PRODUCT_BUNDLE_IDENTIFIER = kemas.BombDuelUITests;
				PRODUCT_NAME = "$(TARGET_NAME)";
				SWIFT_EMIT_LOC_STRINGS = NO;
				SWIFT_VERSION = 5.0;
				TARGETED_DEVICE_FAMILY = "1,2";
				TEST_TARGET_NAME = BombDuel;
			};
			name = Release;
		};
/* End XCBuildConfiguration section */

/* Begin XCConfigurationList section */
		040FBD9F2DDAC6F100B1884D /* Build configuration list for PBXProject "BombDuel" */ = {
			isa = XCConfigurationList;
			buildConfigurations = (
				040FBDC52DDAC6F200B1884D /* Debug */,
				040FBDC62DDAC6F200B1884D /* Release */,
			);
			defaultConfigurationIsVisible = 0;
			defaultConfigurationName = Release;
		};
		040FBDC72DDAC6F200B1884D /* Build configuration list for PBXNativeTarget "BombDuel" */ = {
			isa = XCConfigurationList;
			buildConfigurations = (
				040FBDC82DDAC6F200B1884D /* Debug */,
				040FBDC92DDAC6F200B1884D /* Release */,
			);
			defaultConfigurationIsVisible = 0;
			defaultConfigurationName = Release;
		};
		040FBDCA2DDAC6F200B1884D /* Build configuration list for PBXNativeTarget "BombDuelTests" */ = {
			isa = XCConfigurationList;
			buildConfigurations = (
				040FBDCB2DDAC6F200B1884D /* Debug */,
				040FBDCC2DDAC6F200B1884D /* Release */,
			);
			defaultConfigurationIsVisible = 0;
			defaultConfigurationName = Release;
		};
		040FBDCD2DDAC6F200B1884D /* Build configuration list for PBXNativeTarget "BombDuelUITests" */ = {
			isa = XCConfigurationList;
			buildConfigurations = (
				040FBDCE2DDAC6F200B1884D /* Debug */,
				040FBDCF2DDAC6F200B1884D /* Release */,
			);
			defaultConfigurationIsVisible = 0;
			defaultConfigurationName = Release;
		};
/* End XCConfigurationList section */
	};
	rootObject = 040FBD9C2DDAC6F100B1884D /* Project object */;
}
